{
    "name": "4-slides-for-182",
    "lockfileVersion": 3,
    "requires": true,
    "packages": {
        "": {
            "dependencies": {
                "@tailwindcss/postcss": "^4.0.1",
                "esbuild": "^0.24.2",
                "react": "^18.3.1",
                "react-dom": "^18.3.1",
                "tailwindcss": "^4.0.1"
            },
            "devDependencies": {
                "chokidar": "^4.0.3",
                "daisyui": "^5.0.0-beta.5",
                "esbuild-postcss": "^0.0.4",
                "postcss": "^8.5.1",
                "postcss-simple-vars": "^7.0.1"
            }
        },
        "node_modules/@alloc/quick-lru": {
            "version": "5.2.0",
            "resolved": "https://registry.npmjs.org/@alloc/quick-lru/-/quick-lru-5.2.0.tgz",
            "integrity": "sha512-UrcABB+4bUrFABwbluTIBErXwvbsU/V7TZWfmbgJfbkwiBuziS9gxdODUyuiecfdGQ85jglMW6juS3+z5TsKLw==",
            "engines": {
                "node": ">=10"
            },
            "funding": {
                "url": "https://github.com/sponsors/sindresorhus"
            }
        },
        "node_modules/@esbuild/aix-ppc64": {
            "version": "0.24.2",
            "resolved": "https://registry.npmjs.org/@esbuild/aix-ppc64/-/aix-ppc64-0.24.2.tgz",
            "integrity": "sha512-thpVCb/rhxE/BnMLQ7GReQLLN8q9qbHmI55F4489/ByVg2aQaQ6kbcLb6FHkocZzQhxc4gx0sCk0tJkKBFzDhA==",
            "cpu": [
                "ppc64"
            ],
            "optional": true,
            "os": [
                "aix"
            ],
            "engines": {
                "node": ">=18"
            }
        },
        "node_modules/@esbuild/android-arm": {
            "version": "0.24.2",
            "resolved": "https://registry.npmjs.org/@esbuild/android-arm/-/android-arm-0.24.2.tgz",
            "integrity": "sha512-tmwl4hJkCfNHwFB3nBa8z1Uy3ypZpxqxfTQOcHX+xRByyYgunVbZ9MzUUfb0RxaHIMnbHagwAxuTL+tnNM+1/Q==",
            "cpu": [
                "arm"
            ],
            "optional": true,
            "os": [
                "android"
            ],
            "engines": {
                "node": ">=18"
            }
        },
        "node_modules/@esbuild/android-arm64": {
            "version": "0.24.2",
            "resolved": "https://registry.npmjs.org/@esbuild/android-arm64/-/android-arm64-0.24.2.tgz",
            "integrity": "sha512-cNLgeqCqV8WxfcTIOeL4OAtSmL8JjcN6m09XIgro1Wi7cF4t/THaWEa7eL5CMoMBdjoHOTh/vwTO/o2TRXIyzg==",
            "cpu": [
                "arm64"
            ],
            "optional": true,
            "os": [
                "android"
            ],
            "engines": {
                "node": ">=18"
            }
        },
        "node_modules/@esbuild/android-x64": {
            "version": "0.24.2",
            "resolved": "https://registry.npmjs.org/@esbuild/android-x64/-/android-x64-0.24.2.tgz",
            "integrity": "sha512-B6Q0YQDqMx9D7rvIcsXfmJfvUYLoP722bgfBlO5cGvNVb5V/+Y7nhBE3mHV9OpxBf4eAS2S68KZztiPaWq4XYw==",
            "cpu": [
                "x64"
            ],
            "optional": true,
            "os": [
                "android"
            ],
            "engines": {
                "node": ">=18"
            }
        },
        "node_modules/@esbuild/darwin-arm64": {
            "version": "0.24.2",
            "resolved": "https://registry.npmjs.org/@esbuild/darwin-arm64/-/darwin-arm64-0.24.2.tgz",
            "integrity": "sha512-kj3AnYWc+CekmZnS5IPu9D+HWtUI49hbnyqk0FLEJDbzCIQt7hg7ucF1SQAilhtYpIujfaHr6O0UHlzzSPdOeA==",
            "cpu": [
                "arm64"
            ],
            "optional": true,
            "os": [
                "darwin"
            ],
            "engines": {
                "node": ">=18"
            }
        },
        "node_modules/@esbuild/darwin-x64": {
            "version": "0.24.2",
            "resolved": "https://registry.npmjs.org/@esbuild/darwin-x64/-/darwin-x64-0.24.2.tgz",
            "integrity": "sha512-WeSrmwwHaPkNR5H3yYfowhZcbriGqooyu3zI/3GGpF8AyUdsrrP0X6KumITGA9WOyiJavnGZUwPGvxvwfWPHIA==",
            "cpu": [
                "x64"
            ],
            "optional": true,
            "os": [
                "darwin"
            ],
            "engines": {
                "node": ">=18"
            }
        },
        "node_modules/@esbuild/freebsd-arm64": {
            "version": "0.24.2",
            "resolved": "https://registry.npmjs.org/@esbuild/freebsd-arm64/-/freebsd-arm64-0.24.2.tgz",
            "integrity": "sha512-UN8HXjtJ0k/Mj6a9+5u6+2eZ2ERD7Edt1Q9IZiB5UZAIdPnVKDoG7mdTVGhHJIeEml60JteamR3qhsr1r8gXvg==",
            "cpu": [
                "arm64"
            ],
            "optional": true,
            "os": [
                "freebsd"
            ],
            "engines": {
                "node": ">=18"
            }
        },
        "node_modules/@esbuild/freebsd-x64": {
            "version": "0.24.2",
            "resolved": "https://registry.npmjs.org/@esbuild/freebsd-x64/-/freebsd-x64-0.24.2.tgz",
            "integrity": "sha512-TvW7wE/89PYW+IevEJXZ5sF6gJRDY/14hyIGFXdIucxCsbRmLUcjseQu1SyTko+2idmCw94TgyaEZi9HUSOe3Q==",
            "cpu": [
                "x64"
            ],
            "optional": true,
            "os": [
                "freebsd"
            ],
            "engines": {
                "node": ">=18"
            }
        },
        "node_modules/@esbuild/linux-arm": {
            "version": "0.24.2",
            "resolved": "https://registry.npmjs.org/@esbuild/linux-arm/-/linux-arm-0.24.2.tgz",
            "integrity": "sha512-n0WRM/gWIdU29J57hJyUdIsk0WarGd6To0s+Y+LwvlC55wt+GT/OgkwoXCXvIue1i1sSNWblHEig00GBWiJgfA==",
            "cpu": [
                "arm"
            ],
            "optional": true,
            "os": [
                "linux"
            ],
            "engines": {
                "node": ">=18"
            }
        },
        "node_modules/@esbuild/linux-arm64": {
            "version": "0.24.2",
            "resolved": "https://registry.npmjs.org/@esbuild/linux-arm64/-/linux-arm64-0.24.2.tgz",
            "integrity": "sha512-7HnAD6074BW43YvvUmE/35Id9/NB7BeX5EoNkK9obndmZBUk8xmJJeU7DwmUeN7tkysslb2eSl6CTrYz6oEMQg==",
            "cpu": [
                "arm64"
            ],
            "optional": true,
            "os": [
                "linux"
            ],
            "engines": {
                "node": ">=18"
            }
        },
        "node_modules/@esbuild/linux-ia32": {
            "version": "0.24.2",
            "resolved": "https://registry.npmjs.org/@esbuild/linux-ia32/-/linux-ia32-0.24.2.tgz",
            "integrity": "sha512-sfv0tGPQhcZOgTKO3oBE9xpHuUqguHvSo4jl+wjnKwFpapx+vUDcawbwPNuBIAYdRAvIDBfZVvXprIj3HA+Ugw==",
            "cpu": [
                "ia32"
            ],
            "optional": true,
            "os": [
                "linux"
            ],
            "engines": {
                "node": ">=18"
            }
        },
        "node_modules/@esbuild/linux-loong64": {
            "version": "0.24.2",
            "resolved": "https://registry.npmjs.org/@esbuild/linux-loong64/-/linux-loong64-0.24.2.tgz",
            "integrity": "sha512-CN9AZr8kEndGooS35ntToZLTQLHEjtVB5n7dl8ZcTZMonJ7CCfStrYhrzF97eAecqVbVJ7APOEe18RPI4KLhwQ==",
            "cpu": [
                "loong64"
            ],
            "optional": true,
            "os": [
                "linux"
            ],
            "engines": {
                "node": ">=18"
            }
        },
        "node_modules/@esbuild/linux-mips64el": {
            "version": "0.24.2",
            "resolved": "https://registry.npmjs.org/@esbuild/linux-mips64el/-/linux-mips64el-0.24.2.tgz",
            "integrity": "sha512-iMkk7qr/wl3exJATwkISxI7kTcmHKE+BlymIAbHO8xanq/TjHaaVThFF6ipWzPHryoFsesNQJPE/3wFJw4+huw==",
            "cpu": [
                "mips64el"
            ],
            "optional": true,
            "os": [
                "linux"
            ],
            "engines": {
                "node": ">=18"
            }
        },
        "node_modules/@esbuild/linux-ppc64": {
            "version": "0.24.2",
            "resolved": "https://registry.npmjs.org/@esbuild/linux-ppc64/-/linux-ppc64-0.24.2.tgz",
            "integrity": "sha512-shsVrgCZ57Vr2L8mm39kO5PPIb+843FStGt7sGGoqiiWYconSxwTiuswC1VJZLCjNiMLAMh34jg4VSEQb+iEbw==",
            "cpu": [
                "ppc64"
            ],
            "optional": true,
            "os": [
                "linux"
            ],
            "engines": {
                "node": ">=18"
            }
        },
        "node_modules/@esbuild/linux-riscv64": {
            "version": "0.24.2",
            "resolved": "https://registry.npmjs.org/@esbuild/linux-riscv64/-/linux-riscv64-0.24.2.tgz",
            "integrity": "sha512-4eSFWnU9Hhd68fW16GD0TINewo1L6dRrB+oLNNbYyMUAeOD2yCK5KXGK1GH4qD/kT+bTEXjsyTCiJGHPZ3eM9Q==",
            "cpu": [
                "riscv64"
            ],
            "optional": true,
            "os": [
                "linux"
            ],
            "engines": {
                "node": ">=18"
            }
        },
        "node_modules/@esbuild/linux-s390x": {
            "version": "0.24.2",
            "resolved": "https://registry.npmjs.org/@esbuild/linux-s390x/-/linux-s390x-0.24.2.tgz",
            "integrity": "sha512-S0Bh0A53b0YHL2XEXC20bHLuGMOhFDO6GN4b3YjRLK//Ep3ql3erpNcPlEFed93hsQAjAQDNsvcK+hV90FubSw==",
            "cpu": [
                "s390x"
            ],
            "optional": true,
            "os": [
                "linux"
            ],
            "engines": {
                "node": ">=18"
            }
        },
        "node_modules/@esbuild/linux-x64": {
            "version": "0.24.2",
            "resolved": "https://registry.npmjs.org/@esbuild/linux-x64/-/linux-x64-0.24.2.tgz",
            "integrity": "sha512-8Qi4nQcCTbLnK9WoMjdC9NiTG6/E38RNICU6sUNqK0QFxCYgoARqVqxdFmWkdonVsvGqWhmm7MO0jyTqLqwj0Q==",
            "cpu": [
                "x64"
            ],
            "optional": true,
            "os": [
                "linux"
            ],
            "engines": {
                "node": ">=18"
            }
        },
        "node_modules/@esbuild/netbsd-arm64": {
            "version": "0.24.2",
            "resolved": "https://registry.npmjs.org/@esbuild/netbsd-arm64/-/netbsd-arm64-0.24.2.tgz",
            "integrity": "sha512-wuLK/VztRRpMt9zyHSazyCVdCXlpHkKm34WUyinD2lzK07FAHTq0KQvZZlXikNWkDGoT6x3TD51jKQ7gMVpopw==",
            "cpu": [
                "arm64"
            ],
            "optional": true,
            "os": [
                "netbsd"
            ],
            "engines": {
                "node": ">=18"
            }
        },
        "node_modules/@esbuild/netbsd-x64": {
            "version": "0.24.2",
            "resolved": "https://registry.npmjs.org/@esbuild/netbsd-x64/-/netbsd-x64-0.24.2.tgz",
            "integrity": "sha512-VefFaQUc4FMmJuAxmIHgUmfNiLXY438XrL4GDNV1Y1H/RW3qow68xTwjZKfj/+Plp9NANmzbH5R40Meudu8mmw==",
            "cpu": [
                "x64"
            ],
            "optional": true,
            "os": [
                "netbsd"
            ],
            "engines": {
                "node": ">=18"
            }
        },
        "node_modules/@esbuild/openbsd-arm64": {
            "version": "0.24.2",
            "resolved": "https://registry.npmjs.org/@esbuild/openbsd-arm64/-/openbsd-arm64-0.24.2.tgz",
            "integrity": "sha512-YQbi46SBct6iKnszhSvdluqDmxCJA+Pu280Av9WICNwQmMxV7nLRHZfjQzwbPs3jeWnuAhE9Jy0NrnJ12Oz+0A==",
            "cpu": [
                "arm64"
            ],
            "optional": true,
            "os": [
                "openbsd"
            ],
            "engines": {
                "node": ">=18"
            }
        },
        "node_modules/@esbuild/openbsd-x64": {
            "version": "0.24.2",
            "resolved": "https://registry.npmjs.org/@esbuild/openbsd-x64/-/openbsd-x64-0.24.2.tgz",
            "integrity": "sha512-+iDS6zpNM6EnJyWv0bMGLWSWeXGN/HTaF/LXHXHwejGsVi+ooqDfMCCTerNFxEkM3wYVcExkeGXNqshc9iMaOA==",
            "cpu": [
                "x64"
            ],
            "optional": true,
            "os": [
                "openbsd"
            ],
            "engines": {
                "node": ">=18"
            }
        },
        "node_modules/@esbuild/sunos-x64": {
            "version": "0.24.2",
            "resolved": "https://registry.npmjs.org/@esbuild/sunos-x64/-/sunos-x64-0.24.2.tgz",
            "integrity": "sha512-hTdsW27jcktEvpwNHJU4ZwWFGkz2zRJUz8pvddmXPtXDzVKTTINmlmga3ZzwcuMpUvLw7JkLy9QLKyGpD2Yxig==",
            "cpu": [
                "x64"
            ],
            "optional": true,
            "os": [
                "sunos"
            ],
            "engines": {
                "node": ">=18"
            }
        },
        "node_modules/@esbuild/win32-arm64": {
            "version": "0.24.2",
            "resolved": "https://registry.npmjs.org/@esbuild/win32-arm64/-/win32-arm64-0.24.2.tgz",
            "integrity": "sha512-LihEQ2BBKVFLOC9ZItT9iFprsE9tqjDjnbulhHoFxYQtQfai7qfluVODIYxt1PgdoyQkz23+01rzwNwYfutxUQ==",
            "cpu": [
                "arm64"
            ],
            "optional": true,
            "os": [
                "win32"
            ],
            "engines": {
                "node": ">=18"
            }
        },
        "node_modules/@esbuild/win32-ia32": {
            "version": "0.24.2",
            "resolved": "https://registry.npmjs.org/@esbuild/win32-ia32/-/win32-ia32-0.24.2.tgz",
            "integrity": "sha512-q+iGUwfs8tncmFC9pcnD5IvRHAzmbwQ3GPS5/ceCyHdjXubwQWI12MKWSNSMYLJMq23/IUCvJMS76PDqXe1fxA==",
            "cpu": [
                "ia32"
            ],
            "optional": true,
            "os": [
                "win32"
            ],
            "engines": {
                "node": ">=18"
            }
        },
        "node_modules/@esbuild/win32-x64": {
            "version": "0.24.2",
            "resolved": "https://registry.npmjs.org/@esbuild/win32-x64/-/win32-x64-0.24.2.tgz",
            "integrity": "sha512-7VTgWzgMGvup6aSqDPLiW5zHaxYJGTO4OokMjIlrCtf+VpEL+cXKtCvg723iguPYI5oaUNdS+/V7OU2gvXVWEg==",
            "cpu": [
                "x64"
            ],
            "optional": true,
            "os": [
                "win32"
            ],
            "engines": {
                "node": ">=18"
            }
        },
        "node_modules/@tailwindcss/node": {
            "version": "4.0.1",
            "resolved": "https://registry.npmjs.org/@tailwindcss/node/-/node-4.0.1.tgz",
            "integrity": "sha512-lc+ly6PKHqgCVl7eO8D2JlV96Lks5bmL6pdtM6UasyUHLU2zmrOqU6jfgln120IVnCh3VC8GG/ca24xVTtSokw==",
            "dependencies": {
                "enhanced-resolve": "^5.18.0",
                "jiti": "^2.4.2",
                "tailwindcss": "4.0.1"
            }
        },
        "node_modules/@tailwindcss/oxide": {
            "version": "4.0.1",
            "resolved": "https://registry.npmjs.org/@tailwindcss/oxide/-/oxide-4.0.1.tgz",
            "integrity": "sha512-3z1SpWoDeaA6K6jd92CRrGyDghOcRILEgyWVHRhaUm/tcpiazwJpU9BSG0xB7GGGnl9capojaC+zme/nKsZd/w==",
            "engines": {
                "node": ">= 10"
            },
            "optionalDependencies": {
                "@tailwindcss/oxide-android-arm64": "4.0.1",
                "@tailwindcss/oxide-darwin-arm64": "4.0.1",
                "@tailwindcss/oxide-darwin-x64": "4.0.1",
                "@tailwindcss/oxide-freebsd-x64": "4.0.1",
                "@tailwindcss/oxide-linux-arm-gnueabihf": "4.0.1",
                "@tailwindcss/oxide-linux-arm64-gnu": "4.0.1",
                "@tailwindcss/oxide-linux-arm64-musl": "4.0.1",
                "@tailwindcss/oxide-linux-x64-gnu": "4.0.1",
                "@tailwindcss/oxide-linux-x64-musl": "4.0.1",
                "@tailwindcss/oxide-win32-arm64-msvc": "4.0.1",
                "@tailwindcss/oxide-win32-x64-msvc": "4.0.1"
            }
        },
        "node_modules/@tailwindcss/oxide-android-arm64": {
            "version": "4.0.1",
            "resolved": "https://registry.npmjs.org/@tailwindcss/oxide-android-arm64/-/oxide-android-arm64-4.0.1.tgz",
            "integrity": "sha512-eP/rI9WaAElpeiiHDqGtDqga9iDsOClXxIqdHayHsw93F24F03b60CwgGhrGF9Io/EuWIpz3TMRhPVOLhoXivw==",
            "cpu": [
                "arm64"
            ],
            "optional": true,
            "os": [
                "android"
            ],
            "engines": {
                "node": ">= 10"
            }
        },
        "node_modules/@tailwindcss/oxide-darwin-arm64": {
            "version": "4.0.1",
            "resolved": "https://registry.npmjs.org/@tailwindcss/oxide-darwin-arm64/-/oxide-darwin-arm64-4.0.1.tgz",
            "integrity": "sha512-jZVUo0kNd1IjxdCYwg4dwegDNsq7PoUx4LM814RmgY3gfJ63Y6GlpJXHOpd5FLv1igpeZox5LzRk2oz8MQoJwQ==",
            "cpu": [
                "arm64"
            ],
            "optional": true,
            "os": [
                "darwin"
            ],
            "engines": {
                "node": ">= 10"
            }
        },
        "node_modules/@tailwindcss/oxide-darwin-x64": {
            "version": "4.0.1",
            "resolved": "https://registry.npmjs.org/@tailwindcss/oxide-darwin-x64/-/oxide-darwin-x64-4.0.1.tgz",
            "integrity": "sha512-E31wHiIf4LB0aKRohrS4U6XfFSACCL9ifUFfPQ16FhcBIL4wU5rcBidvWvT9TQFGPkpE69n5dyXUcqiMrnF/Ig==",
            "cpu": [
                "x64"
            ],
            "optional": true,
            "os": [
                "darwin"
            ],
            "engines": {
                "node": ">= 10"
            }
        },
        "node_modules/@tailwindcss/oxide-freebsd-x64": {
            "version": "4.0.1",
            "resolved": "https://registry.npmjs.org/@tailwindcss/oxide-freebsd-x64/-/oxide-freebsd-x64-4.0.1.tgz",
            "integrity": "sha512-8/3ZKLMYqgAsBzTeczOKWtT4geF02g9S7cntY5gvqQZ4E0ImX724cHcZJi9k6fkE6aLbvwxxHxaShFvRxblwKQ==",
            "cpu": [
                "x64"
            ],
            "optional": true,
            "os": [
                "freebsd"
            ],
            "engines": {
                "node": ">= 10"
            }
        },
        "node_modules/@tailwindcss/oxide-linux-arm-gnueabihf": {
            "version": "4.0.1",
            "resolved": "https://registry.npmjs.org/@tailwindcss/oxide-linux-arm-gnueabihf/-/oxide-linux-arm-gnueabihf-4.0.1.tgz",
            "integrity": "sha512-EYjbh225klQfWzy6LeIAfdjHCK+p71yLV/GjdPNW47Bfkkq05fTzIhHhCgshUvNp78EIA33iQU+ktWpW06NgHw==",
            "cpu": [
                "arm"
            ],
            "optional": true,
            "os": [
                "linux"
            ],
            "engines": {
                "node": ">= 10"
            }
        },
        "node_modules/@tailwindcss/oxide-linux-arm64-gnu": {
            "version": "4.0.1",
            "resolved": "https://registry.npmjs.org/@tailwindcss/oxide-linux-arm64-gnu/-/oxide-linux-arm64-gnu-4.0.1.tgz",
            "integrity": "sha512-PrX2SwIqWNP5cYeSyQfrhbk4ffOM338T6CrEwIAGvLPoUZiklt19yknlsBme6bReSw7TSAMy+8KFdLLi5fcWNQ==",
            "cpu": [
                "arm64"
            ],
            "optional": true,
            "os": [
                "linux"
            ],
            "engines": {
                "node": ">= 10"
            }
        },
        "node_modules/@tailwindcss/oxide-linux-arm64-musl": {
            "version": "4.0.1",
            "resolved": "https://registry.npmjs.org/@tailwindcss/oxide-linux-arm64-musl/-/oxide-linux-arm64-musl-4.0.1.tgz",
            "integrity": "sha512-iuoFGhKDojtfloi5uj6MIk4kxEOGcsAk/kPbZItF9Dp7TnzVhxo2U/718tXhxGrg6jSL3ST3cQHIjA6yw3OeXw==",
            "cpu": [
                "arm64"
            ],
            "optional": true,
            "os": [
                "linux"
            ],
            "engines": {
                "node": ">= 10"
            }
        },
        "node_modules/@tailwindcss/oxide-linux-x64-gnu": {
            "version": "4.0.1",
            "resolved": "https://registry.npmjs.org/@tailwindcss/oxide-linux-x64-gnu/-/oxide-linux-x64-gnu-4.0.1.tgz",
            "integrity": "sha512-pNUrGQYyE8RK+N9yvkPmHnlKDfFbni9A3lsi37u4RoA/6Yn+zWVoegvAQMZu3w+jqnpb2A/bYJ+LumcclUZ3yg==",
            "cpu": [
                "x64"
            ],
            "optional": true,
            "os": [
                "linux"
            ],
            "engines": {
                "node": ">= 10"
            }
        },
        "node_modules/@tailwindcss/oxide-linux-x64-musl": {
            "version": "4.0.1",
            "resolved": "https://registry.npmjs.org/@tailwindcss/oxide-linux-x64-musl/-/oxide-linux-x64-musl-4.0.1.tgz",
            "integrity": "sha512-xSGWaDcT6SJ75su9zWXj8GYb2jM/przXwZGH96RTS7HGDIoI1tvgpls88YajG5Sx7hXaqAWCufjw5L/dlu+lzg==",
            "cpu": [
                "x64"
            ],
            "optional": true,
            "os": [
                "linux"
            ],
            "engines": {
                "node": ">= 10"
            }
        },
        "node_modules/@tailwindcss/oxide-win32-arm64-msvc": {
            "version": "4.0.1",
            "resolved": "https://registry.npmjs.org/@tailwindcss/oxide-win32-arm64-msvc/-/oxide-win32-arm64-msvc-4.0.1.tgz",
            "integrity": "sha512-BUNL2isUZ2yWnbplPddggJpZxsqGHPZ1RJAYpu63W4znUnKCzI4m/jiy0WpyYqqOKL9jDM5q0QdsQ9mc3aw5YQ==",
            "cpu": [
                "arm64"
            ],
            "optional": true,
            "os": [
                "win32"
            ],
            "engines": {
                "node": ">= 10"
            }
        },
        "node_modules/@tailwindcss/oxide-win32-x64-msvc": {
            "version": "4.0.1",
            "resolved": "https://registry.npmjs.org/@tailwindcss/oxide-win32-x64-msvc/-/oxide-win32-x64-msvc-4.0.1.tgz",
            "integrity": "sha512-ZtcVu+XXOddGsPlvO5nh2fnbKmwly2C07ZB1lcYCf/b8qIWF04QY9o6vy6/+6ioLRfbp3E7H/ipFio38DZX4oQ==",
            "cpu": [
                "x64"
            ],
            "optional": true,
            "os": [
                "win32"
            ],
            "engines": {
                "node": ">= 10"
            }
        },
        "node_modules/@tailwindcss/postcss": {
            "version": "4.0.1",
            "resolved": "https://registry.npmjs.org/@tailwindcss/postcss/-/postcss-4.0.1.tgz",
            "integrity": "sha512-fZHL49vCDauQymdm2U1jehuUeX8msYVDKB/2v+jWhTQleH3QE8J1dJ2dnL5tqRvB0udjBP4kwUC1ZIVIdv66YA==",
            "dependencies": {
                "@alloc/quick-lru": "^5.2.0",
                "@tailwindcss/node": "^4.0.1",
                "@tailwindcss/oxide": "^4.0.1",
                "lightningcss": "^1.29.1",
                "postcss": "^8.4.41",
                "tailwindcss": "4.0.1"
            }
        },
        "node_modules/chokidar": {
            "version": "4.0.3",
            "resolved": "https://registry.npmjs.org/chokidar/-/chokidar-4.0.3.tgz",
            "integrity": "sha512-Qgzu8kfBvo+cA4962jnP1KkS6Dop5NS6g7R5LFYJr4b8Ub94PPQXUksCw9PvXoeXPRRddRNC5C1JQUR2SMGtnA==",
            "dev": true,
            "dependencies": {
                "readdirp": "^4.0.1"
            },
            "engines": {
                "node": ">= 14.16.0"
            },
            "funding": {
                "url": "https://paulmillr.com/funding/"
            }
        },
        "node_modules/daisyui": {
            "version": "5.0.0-beta.6",
            "resolved": "https://registry.npmjs.org/daisyui/-/daisyui-5.0.0-beta.6.tgz",
            "integrity": "sha512-gwXHv6MApRBrvUayzg83vS6bfZ+y7/1VGLu0a8/cEAMviS4rXLCd4AndEdlVxhq+25wkAp0CZRkNQ7O4wIoFnQ==",
            "dev": true,
            "funding": {
                "url": "https://github.com/saadeghi/daisyui?sponsor=1"
            }
        },
        "node_modules/detect-libc": {
            "version": "1.0.3",
            "resolved": "https://registry.npmjs.org/detect-libc/-/detect-libc-1.0.3.tgz",
            "integrity": "sha512-pGjwhsmsp4kL2RTz08wcOlGN83otlqHeD/Z5T8GXZB+/YcpQ/dgo+lbU8ZsGxV0HIvqqxo9l7mqYwyYMD9bKDg==",
            "bin": {
                "detect-libc": "bin/detect-libc.js"
            },
            "engines": {
                "node": ">=0.10"
            }
        },
        "node_modules/enhanced-resolve": {
            "version": "5.18.0",
            "resolved": "https://registry.npmjs.org/enhanced-resolve/-/enhanced-resolve-5.18.0.tgz",
            "integrity": "sha512-0/r0MySGYG8YqlayBZ6MuCfECmHFdJ5qyPh8s8wa5Hnm6SaFLSK1VYCbj+NKp090Nm1caZhD+QTnmxO7esYGyQ==",
            "dependencies": {
                "graceful-fs": "^4.2.4",
                "tapable": "^2.2.0"
            },
            "engines": {
                "node": ">=10.13.0"
            }
        },
        "node_modules/esbuild": {
            "version": "0.24.2",
            "resolved": "https://registry.npmjs.org/esbuild/-/esbuild-0.24.2.tgz",
            "integrity": "sha512-+9egpBW8I3CD5XPe0n6BfT5fxLzxrlDzqydF3aviG+9ni1lDC/OvMHcxqEFV0+LANZG5R1bFMWfUrjVsdwxJvA==",
            "hasInstallScript": true,
            "bin": {
                "esbuild": "bin/esbuild"
            },
            "engines": {
                "node": ">=18"
            },
            "optionalDependencies": {
                "@esbuild/aix-ppc64": "0.24.2",
                "@esbuild/android-arm": "0.24.2",
                "@esbuild/android-arm64": "0.24.2",
                "@esbuild/android-x64": "0.24.2",
                "@esbuild/darwin-arm64": "0.24.2",
                "@esbuild/darwin-x64": "0.24.2",
                "@esbuild/freebsd-arm64": "0.24.2",
                "@esbuild/freebsd-x64": "0.24.2",
                "@esbuild/linux-arm": "0.24.2",
                "@esbuild/linux-arm64": "0.24.2",
                "@esbuild/linux-ia32": "0.24.2",
                "@esbuild/linux-loong64": "0.24.2",
                "@esbuild/linux-mips64el": "0.24.2",
                "@esbuild/linux-ppc64": "0.24.2",
                "@esbuild/linux-riscv64": "0.24.2",
                "@esbuild/linux-s390x": "0.24.2",
                "@esbuild/linux-x64": "0.24.2",
                "@esbuild/netbsd-arm64": "0.24.2",
                "@esbuild/netbsd-x64": "0.24.2",
                "@esbuild/openbsd-arm64": "0.24.2",
                "@esbuild/openbsd-x64": "0.24.2",
                "@esbuild/sunos-x64": "0.24.2",
                "@esbuild/win32-arm64": "0.24.2",
                "@esbuild/win32-ia32": "0.24.2",
                "@esbuild/win32-x64": "0.24.2"
            }
        },
        "node_modules/esbuild-postcss": {
            "version": "0.0.4",
            "resolved": "https://registry.npmjs.org/esbuild-postcss/-/esbuild-postcss-0.0.4.tgz",
            "integrity": "sha512-CKYibp+aCswskE+gBPnGZ0b9YyuY0n9w2dxyMaoLYEvGTwmjkRj5SV8l1zGJpw8KylqmcMTK0Gr349RnOLd+8A==",
            "dev": true,
            "dependencies": {
                "postcss-load-config": "^3.1.0"
            },
            "peerDependencies": {
                "esbuild": "*",
                "postcss": "^8.0.0"
            }
        },
        "node_modules/graceful-fs": {
            "version": "4.2.11",
            "resolved": "https://registry.npmjs.org/graceful-fs/-/graceful-fs-4.2.11.tgz",
            "integrity": "sha512-RbJ5/jmFcNNCcDV5o9eTnBLJ/HszWV0P73bc+Ff4nS/rJj+YaS6IGyiOL0VoBYX+l1Wrl3k63h/KrH+nhJ0XvQ=="
        },
        "node_modules/jiti": {
            "version": "2.4.2",
            "resolved": "https://registry.npmjs.org/jiti/-/jiti-2.4.2.tgz",
            "integrity": "sha512-rg9zJN+G4n2nfJl5MW3BMygZX56zKPNVEYYqq7adpmMh4Jn2QNEwhvQlFy6jPVdcod7txZtKHWnyZiA3a0zP7A==",
            "bin": {
                "jiti": "lib/jiti-cli.mjs"
            }
        },
        "node_modules/js-tokens": {
            "version": "4.0.0",
            "resolved": "https://registry.npmjs.org/js-tokens/-/js-tokens-4.0.0.tgz",
            "integrity": "sha512-RdJUflcE3cUzKiMqQgsCu06FPu9UdIJO0beYbPhHN4k6apgJtifcoCtT9bcxOpYBtpD2kCM6Sbzg4CausW/PKQ=="
        },
        "node_modules/lightningcss": {
            "version": "1.29.1",
            "resolved": "https://registry.npmjs.org/lightningcss/-/lightningcss-1.29.1.tgz",
            "integrity": "sha512-FmGoeD4S05ewj+AkhTY+D+myDvXI6eL27FjHIjoyUkO/uw7WZD1fBVs0QxeYWa7E17CUHJaYX/RUGISCtcrG4Q==",
            "dependencies": {
                "detect-libc": "^1.0.3"
            },
            "engines": {
                "node": ">= 12.0.0"
            },
            "funding": {
                "type": "opencollective",
                "url": "https://opencollective.com/parcel"
            },
            "optionalDependencies": {
                "lightningcss-darwin-arm64": "1.29.1",
                "lightningcss-darwin-x64": "1.29.1",
                "lightningcss-freebsd-x64": "1.29.1",
                "lightningcss-linux-arm-gnueabihf": "1.29.1",
                "lightningcss-linux-arm64-gnu": "1.29.1",
                "lightningcss-linux-arm64-musl": "1.29.1",
                "lightningcss-linux-x64-gnu": "1.29.1",
                "lightningcss-linux-x64-musl": "1.29.1",
                "lightningcss-win32-arm64-msvc": "1.29.1",
                "lightningcss-win32-x64-msvc": "1.29.1"
            }
        },
        "node_modules/lightningcss-darwin-arm64": {
            "version": "1.29.1",
            "resolved": "https://registry.npmjs.org/lightningcss-darwin-arm64/-/lightningcss-darwin-arm64-1.29.1.tgz",
            "integrity": "sha512-HtR5XJ5A0lvCqYAoSv2QdZZyoHNttBpa5EP9aNuzBQeKGfbyH5+UipLWvVzpP4Uml5ej4BYs5I9Lco9u1fECqw==",
            "cpu": [
                "arm64"
            ],
            "optional": true,
            "os": [
                "darwin"
            ],
            "engines": {
                "node": ">= 12.0.0"
            },
            "funding": {
                "type": "opencollective",
                "url": "https://opencollective.com/parcel"
            }
        },
        "node_modules/lightningcss-darwin-x64": {
            "version": "1.29.1",
            "resolved": "https://registry.npmjs.org/lightningcss-darwin-x64/-/lightningcss-darwin-x64-1.29.1.tgz",
            "integrity": "sha512-k33G9IzKUpHy/J/3+9MCO4e+PzaFblsgBjSGlpAaFikeBFm8B/CkO3cKU9oI4g+fjS2KlkLM/Bza9K/aw8wsNA==",
            "cpu": [
                "x64"
            ],
            "optional": true,
            "os": [
                "darwin"
            ],
            "engines": {
                "node": ">= 12.0.0"
            },
            "funding": {
                "type": "opencollective",
                "url": "https://opencollective.com/parcel"
            }
        },
        "node_modules/lightningcss-freebsd-x64": {
            "version": "1.29.1",
            "resolved": "https://registry.npmjs.org/lightningcss-freebsd-x64/-/lightningcss-freebsd-x64-1.29.1.tgz",
            "integrity": "sha512-0SUW22fv/8kln2LnIdOCmSuXnxgxVC276W5KLTwoehiO0hxkacBxjHOL5EtHD8BAXg2BvuhsJPmVMasvby3LiQ==",
            "cpu": [
                "x64"
            ],
            "optional": true,
            "os": [
                "freebsd"
            ],
            "engines": {
                "node": ">= 12.0.0"
            },
            "funding": {
                "type": "opencollective",
                "url": "https://opencollective.com/parcel"
            }
        },
        "node_modules/lightningcss-linux-arm-gnueabihf": {
            "version": "1.29.1",
            "resolved": "https://registry.npmjs.org/lightningcss-linux-arm-gnueabihf/-/lightningcss-linux-arm-gnueabihf-1.29.1.tgz",
            "integrity": "sha512-sD32pFvlR0kDlqsOZmYqH/68SqUMPNj+0pucGxToXZi4XZgZmqeX/NkxNKCPsswAXU3UeYgDSpGhu05eAufjDg==",
            "cpu": [
                "arm"
            ],
            "optional": true,
            "os": [
                "linux"
            ],
            "engines": {
                "node": ">= 12.0.0"
            },
            "funding": {
                "type": "opencollective",
                "url": "https://opencollective.com/parcel"
            }
        },
        "node_modules/lightningcss-linux-arm64-gnu": {
            "version": "1.29.1",
            "resolved": "https://registry.npmjs.org/lightningcss-linux-arm64-gnu/-/lightningcss-linux-arm64-gnu-1.29.1.tgz",
            "integrity": "sha512-0+vClRIZ6mmJl/dxGuRsE197o1HDEeeRk6nzycSy2GofC2JsY4ifCRnvUWf/CUBQmlrvMzt6SMQNMSEu22csWQ==",
            "cpu": [
                "arm64"
            ],
            "optional": true,
            "os": [
                "linux"
            ],
            "engines": {
                "node": ">= 12.0.0"
            },
            "funding": {
                "type": "opencollective",
                "url": "https://opencollective.com/parcel"
            }
        },
        "node_modules/lightningcss-linux-arm64-musl": {
            "version": "1.29.1",
            "resolved": "https://registry.npmjs.org/lightningcss-linux-arm64-musl/-/lightningcss-linux-arm64-musl-1.29.1.tgz",
            "integrity": "sha512-UKMFrG4rL/uHNgelBsDwJcBqVpzNJbzsKkbI3Ja5fg00sgQnHw/VrzUTEc4jhZ+AN2BvQYz/tkHu4vt1kLuJyw==",
            "cpu": [
                "arm64"
            ],
            "optional": true,
            "os": [
                "linux"
            ],
            "engines": {
                "node": ">= 12.0.0"
            },
            "funding": {
                "type": "opencollective",
                "url": "https://opencollective.com/parcel"
            }
        },
        "node_modules/lightningcss-linux-x64-gnu": {
            "version": "1.29.1",
            "resolved": "https://registry.npmjs.org/lightningcss-linux-x64-gnu/-/lightningcss-linux-x64-gnu-1.29.1.tgz",
            "integrity": "sha512-u1S+xdODy/eEtjADqirA774y3jLcm8RPtYztwReEXoZKdzgsHYPl0s5V52Tst+GKzqjebkULT86XMSxejzfISw==",
            "cpu": [
                "x64"
            ],
            "optional": true,
            "os": [
                "linux"
            ],
            "engines": {
                "node": ">= 12.0.0"
            },
            "funding": {
                "type": "opencollective",
                "url": "https://opencollective.com/parcel"
            }
        },
        "node_modules/lightningcss-linux-x64-musl": {
            "version": "1.29.1",
            "resolved": "https://registry.npmjs.org/lightningcss-linux-x64-musl/-/lightningcss-linux-x64-musl-1.29.1.tgz",
            "integrity": "sha512-L0Tx0DtaNUTzXv0lbGCLB/c/qEADanHbu4QdcNOXLIe1i8i22rZRpbT3gpWYsCh9aSL9zFujY/WmEXIatWvXbw==",
            "cpu": [
                "x64"
            ],
            "optional": true,
            "os": [
                "linux"
            ],
            "engines": {
                "node": ">= 12.0.0"
            },
            "funding": {
                "type": "opencollective",
                "url": "https://opencollective.com/parcel"
            }
        },
        "node_modules/lightningcss-win32-arm64-msvc": {
            "version": "1.29.1",
            "resolved": "https://registry.npmjs.org/lightningcss-win32-arm64-msvc/-/lightningcss-win32-arm64-msvc-1.29.1.tgz",
            "integrity": "sha512-QoOVnkIEFfbW4xPi+dpdft/zAKmgLgsRHfJalEPYuJDOWf7cLQzYg0DEh8/sn737FaeMJxHZRc1oBreiwZCjog==",
            "cpu": [
                "arm64"
            ],
            "optional": true,
            "os": [
                "win32"
            ],
            "engines": {
                "node": ">= 12.0.0"
            },
            "funding": {
                "type": "opencollective",
                "url": "https://opencollective.com/parcel"
            }
        },
        "node_modules/lightningcss-win32-x64-msvc": {
            "version": "1.29.1",
            "resolved": "https://registry.npmjs.org/lightningcss-win32-x64-msvc/-/lightningcss-win32-x64-msvc-1.29.1.tgz",
            "integrity": "sha512-NygcbThNBe4JElP+olyTI/doBNGJvLs3bFCRPdvuCcxZCcCZ71B858IHpdm7L1btZex0FvCmM17FK98Y9MRy1Q==",
            "cpu": [
                "x64"
            ],
            "optional": true,
            "os": [
                "win32"
            ],
            "engines": {
                "node": ">= 12.0.0"
            },
            "funding": {
                "type": "opencollective",
                "url": "https://opencollective.com/parcel"
            }
        },
        "node_modules/lilconfig": {
            "version": "2.1.0",
            "resolved": "https://registry.npmjs.org/lilconfig/-/lilconfig-2.1.0.tgz",
            "integrity": "sha512-utWOt/GHzuUxnLKxB6dk81RoOeoNeHgbrXiuGk4yyF5qlRz+iIVWu56E2fqGHFrXz0QNUhLB/8nKqvRH66JKGQ==",
            "dev": true,
            "engines": {
                "node": ">=10"
            }
        },
        "node_modules/loose-envify": {
            "version": "1.4.0",
            "resolved": "https://registry.npmjs.org/loose-envify/-/loose-envify-1.4.0.tgz",
            "integrity": "sha512-lyuxPGr/Wfhrlem2CL/UcnUc1zcqKAImBDzukY7Y5F/yQiNdko6+fRLevlw1HgMySw7f611UIY408EtxRSoK3Q==",
            "dependencies": {
                "js-tokens": "^3.0.0 || ^4.0.0"
            },
            "bin": {
                "loose-envify": "cli.js"
            }
        },
        "node_modules/nanoid": {
            "version": "3.3.8",
            "resolved": "https://registry.npmjs.org/nanoid/-/nanoid-3.3.8.tgz",
            "integrity": "sha512-WNLf5Sd8oZxOm+TzppcYk8gVOgP+l58xNy58D0nbUnOxOWRWvlcCV4kUF7ltmI6PsrLl/BgKEyS4mqsGChFN0w==",
            "funding": [
                {
                    "type": "github",
                    "url": "https://github.com/sponsors/ai"
                }
            ],
            "bin": {
                "nanoid": "bin/nanoid.cjs"
            },
            "engines": {
                "node": "^10 || ^12 || ^13.7 || ^14 || >=15.0.1"
            }
        },
        "node_modules/picocolors": {
            "version": "1.1.1",
            "resolved": "https://registry.npmjs.org/picocolors/-/picocolors-1.1.1.tgz",
            "integrity": "sha512-xceH2snhtb5M9liqDsmEw56le376mTZkEX/jEb/RxNFyegNul7eNslCXP9FDj/Lcu0X8KEyMceP2ntpaHrDEVA=="
        },
        "node_modules/postcss": {
            "version": "8.5.1",
            "resolved": "https://registry.npmjs.org/postcss/-/postcss-8.5.1.tgz",
            "integrity": "sha512-6oz2beyjc5VMn/KV1pPw8fliQkhBXrVn1Z3TVyqZxU8kZpzEKhBdmCFqI6ZbmGtamQvQGuU1sgPTk8ZrXDD7jQ==",
            "funding": [
                {
                    "type": "opencollective",
                    "url": "https://opencollective.com/postcss/"
                },
                {
                    "type": "tidelift",
                    "url": "https://tidelift.com/funding/github/npm/postcss"
                },
                {
                    "type": "github",
                    "url": "https://github.com/sponsors/ai"
                }
            ],
            "dependencies": {
                "nanoid": "^3.3.8",
                "picocolors": "^1.1.1",
                "source-map-js": "^1.2.1"
            },
            "engines": {
                "node": "^10 || ^12 || >=14"
            }
        },
        "node_modules/postcss-load-config": {
            "version": "3.1.4",
            "resolved": "https://registry.npmjs.org/postcss-load-config/-/postcss-load-config-3.1.4.tgz",
            "integrity": "sha512-6DiM4E7v4coTE4uzA8U//WhtPwyhiim3eyjEMFCnUpzbrkK9wJHgKDT2mR+HbtSrd/NubVaYTOpSpjUl8NQeRg==",
            "dev": true,
            "dependencies": {
                "lilconfig": "^2.0.5",
                "yaml": "^1.10.2"
            },
            "engines": {
                "node": ">= 10"
            },
            "funding": {
                "type": "opencollective",
                "url": "https://opencollective.com/postcss/"
            },
            "peerDependencies": {
                "postcss": ">=8.0.9",
                "ts-node": ">=9.0.0"
            },
            "peerDependenciesMeta": {
                "postcss": {
                    "optional": true
                },
                "ts-node": {
                    "optional": true
                }
            }
        },
        "node_modules/postcss-simple-vars": {
            "version": "7.0.1",
            "resolved": "https://registry.npmjs.org/postcss-simple-vars/-/postcss-simple-vars-7.0.1.tgz",
            "integrity": "sha512-5GLLXaS8qmzHMOjVxqkk1TZPf1jMqesiI7qLhnlyERalG0sMbHIbJqrcnrpmZdKCLglHnRHoEBB61RtGTsj++A==",
            "dev": true,
            "engines": {
                "node": ">=14.0"
            },
            "funding": {
                "type": "opencollective",
                "url": "https://opencollective.com/postcss/"
            },
            "peerDependencies": {
                "postcss": "^8.2.1"
            }
        },
        "node_modules/react": {
            "version": "18.3.1",
            "resolved": "https://registry.npmjs.org/react/-/react-18.3.1.tgz",
            "integrity": "sha512-wS+hAgJShR0KhEvPJArfuPVN1+Hz1t0Y6n5jLrGQbkb4urgPE/0Rve+1kMB1v/oWgHgm4WIcV+i7F2pTVj+2iQ==",
            "dependencies": {
                "loose-envify": "^1.1.0"
            },
            "engines": {
                "node": ">=0.10.0"
            }
        },
        "node_modules/react-dom": {
            "version": "18.3.1",
            "resolved": "https://registry.npmjs.org/react-dom/-/react-dom-18.3.1.tgz",
            "integrity": "sha512-5m4nQKp+rZRb09LNH59GM4BxTh9251/ylbKIbpe7TpGxfJ+9kv6BLkLBXIjjspbgbnIBNqlI23tRnTWT0snUIw==",
            "dependencies": {
                "loose-envify": "^1.1.0",
                "scheduler": "^0.23.2"
            },
            "peerDependencies": {
                "react": "^18.3.1"
            }
        },
        "node_modules/readdirp": {
            "version": "4.1.1",
            "resolved": "https://registry.npmjs.org/readdirp/-/readdirp-4.1.1.tgz",
            "integrity": "sha512-h80JrZu/MHUZCyHu5ciuoI0+WxsCxzxJTILn6Fs8rxSnFPh+UVHYfeIxK1nVGugMqkfC4vJcBOYbkfkwYK0+gw==",
            "dev": true,
            "engines": {
                "node": ">= 14.18.0"
            },
            "funding": {
                "type": "individual",
                "url": "https://paulmillr.com/funding/"
            }
        },
        "node_modules/scheduler": {
            "version": "0.23.2",
            "resolved": "https://registry.npmjs.org/scheduler/-/scheduler-0.23.2.tgz",
            "integrity": "sha512-UOShsPwz7NrMUqhR6t0hWjFduvOzbtv7toDH1/hIrfRNIDBnnBWd0CwJTGvTpngVlmwGCdP9/Zl/tVrDqcuYzQ==",
            "dependencies": {
                "loose-envify": "^1.1.0"
            }
        },
        "node_modules/source-map-js": {
            "version": "1.2.1",
            "resolved": "https://registry.npmjs.org/source-map-js/-/source-map-js-1.2.1.tgz",
            "integrity": "sha512-UXWMKhLOwVKb728IUtQPXxfYU+usdybtUrK/8uGE8CQMvrhOpwvzDBwj0QhSL7MQc7vIsISBG8VQ8+IDQxpfQA==",
            "engines": {
                "node": ">=0.10.0"
            }
        },
        "node_modules/tailwindcss": {
            "version": "4.0.1",
            "resolved": "https://registry.npmjs.org/tailwindcss/-/tailwindcss-4.0.1.tgz",
            "integrity": "sha512-UK5Biiit/e+r3i0O223bisoS5+y7ZT1PM8Ojn0MxRHzXN1VPZ2KY6Lo6fhu1dOfCfyUAlK7Lt6wSxowRabATBw=="
        },
        "node_modules/tapable": {
            "version": "2.2.1",
            "resolved": "https://registry.npmjs.org/tapable/-/tapable-2.2.1.tgz",
            "integrity": "sha512-GNzQvQTOIP6RyTfE2Qxb8ZVlNmw0n88vp1szwWRimP02mnTsx3Wtn5qRdqY9w2XduFNUgvOwhNnQsjwCp+kqaQ==",
            "engines": {
                "node": ">=6"
            }
        },
        "node_modules/yaml": {
            "version": "1.10.2",
            "resolved": "https://registry.npmjs.org/yaml/-/yaml-1.10.2.tgz",
            "integrity": "sha512-r3vXyErRCYJ7wg28yvBY5VSoAF8ZvlcW9/BwUzEtUsjvX/DKs24dIkuwjtuprwJJHsbyUbLApepYTR1BN4uHrg==",
            "dev": true,
            "engines": {
                "node": ">= 6"
            }
        }
    }
}
